
Microsoft Visual Studio Solution File, Format Version 12.00
# Visual Studio Version 17
VisualStudioVersion = 17.5.33530.505
MinimumVisualStudioVersion = 10.0.40219.1
Project("{FAE04EC0-301F-11D3-BF4B-00C04F79EFBC}") = "WinFormsApp19", "WinFormsApp19\WinFormsApp19.csproj", "{640885E3-5942-4112-A03D-880BF24151BC}"
EndProject
Global
	GlobalSection(SolutionConfigurationPlatforms) = preSolution
		Debug|Any CPU = Debug|Any CPU
		Release|Any CPU = Release|Any CPU
	EndGlobalSection
	GlobalSection(ProjectConfigurationPlatforms) = postSolution
		{640885E3-5942-4112-A03D-880BF24151BC}.Debug|Any CPU.ActiveCfg = Debug|Any CPU
		{640885E3-5942-4112-A03D-880BF24151BC}.Debug|Any CPU.Build.0 = Debug|Any CPU
		{640885E3-5942-4112-A03D-880BF24151BC}.Release|Any CPU.ActiveCfg = Release|Any CPU
		{640885E3-5942-4112-A03D-880BF24151BC}.Release|Any CPU.Build.0 = Release|Any CPU
	EndGlobalSection
	GlobalSection(SolutionProperties) = preSolution
		HideSolutionNode = FALSE
	EndGlobalSection
	GlobalSection(ExtensibilityGlobals) = postSolution
		SolutionGuid = {EF4F645C-5D3A-4DDF-9F24-8369AB6C7704}
	EndGlobalSection
EndGlobal
